<?xml version="1.0" encoding="utf-8"?>
<Project ToolsVersion="4.0" xmlns="http://schemas.microsoft.com/developer/msbuild/2003">
  <ItemGroup>
    <ClInclude Include="src\colors.h" />
    <ClInclude Include="src\condefs.h" />
    <ClInclude Include="src\condrv.h" />
    <ClInclude Include="src\conmsgl1.h" />
    <ClInclude Include="src\conmsgl2.h" />
    <ClInclude Include="src\conmsgl3.h" />
    <ClInclude Include="src\shared.h" />
    <ClInclude Include="src\vtparser.h" />
  </ItemGroup>
  <ItemGroup>
    <ClCompile Include="src\handles.cpp" />
    <ClCompile Include="src\handterm.cpp" />
    <ClCompile Include="src\vtparser.cpp" />
  </ItemGroup>
</Project>